PODS:
  - DZNEmptyDataSet (1.8.1)
  - Firebase/Core (4.6.0):
    - FirebaseAnalytics (= 4.0.5)
    - FirebaseCore (= 4.0.11)
  - Firebase/Database (4.6.0):
    - Firebase/Core
    - FirebaseDatabase (= 4.1.1)
  - FirebaseAnalytics (4.0.5):
    - FirebaseCore (~> 4.0)
    - FirebaseInstanceID (~> 2.0)
    - GoogleToolboxForMac/NSData+zlib (~> 2.1)
    - nanopb (~> 0.3)
  - FirebaseCore (4.0.11):
    - GoogleToolboxForMac/NSData+zlib (~> 2.1)
  - FirebaseDatabase (4.1.1):
    - FirebaseAnalytics (~> 4.0)
    - FirebaseCore (~> 4.0)
    - leveldb-library (~> 1.18)
  - FirebaseInstanceID (2.0.6)
  - GoogleToolboxForMac/Defines (2.1.3)
  - GoogleToolboxForMac/NSData+zlib (2.1.3):
    - GoogleToolboxForMac/Defines (= 2.1.3)
  - ImageSlideshow (1.4.1):
    - ImageSlideshow/Core (= 1.4.1)
  - ImageSlideshow/Core (1.4.1)
  - ImageSlideshow/SDWebImage (1.4.1):
    - ImageSlideshow/Core
    - SDWebImage (~> 3.7)
  - leveldb-library (1.20)
  - nanopb (0.3.8):
    - nanopb/decode (= 0.3.8)
    - nanopb/encode (= 0.3.8)
  - nanopb/decode (0.3.8)
  - nanopb/encode (0.3.8)
  - SDWebImage (3.8.2):
    - SDWebImage/Core (= 3.8.2)
  - SDWebImage/Core (3.8.2)
  - SideMenu (3.1.5)

DEPENDENCIES:
  - DZNEmptyDataSet
  - Firebase/Database
  - ImageSlideshow (~> 1.4)
  - ImageSlideshow/SDWebImage
  - SDWebImage (~> 3.7)
  - SideMenu

SPEC CHECKSUMS:
  DZNEmptyDataSet: 9525833b9e68ac21c30253e1d3d7076cc828eaa7
  Firebase: 27321a925aa85520618255a7c630859e0502ccbd
  FirebaseAnalytics: 5b02a63ead2c3f0259cfc7f15e053e440587ecf8
  FirebaseCore: 2a946ece8fbe3ce1fdeeb55324f273caade22df9
  FirebaseDatabase: 2e6e8e110b93b9a6e7aac71774c769a363035cb1
  FirebaseInstanceID: 24958382a1011bba5aaff37e334e7a650b9118f5
  GoogleToolboxForMac: 2501e2ad72a52eb3dfe7bd9aee7dad11b858bd20
  ImageSlideshow: 1bb0e610e28a71e8936d57265d882f61714a470b
  leveldb-library: 4f9eedf84ab46b4fa3b7893bf30714b2a1a74022
  nanopb: 5601e6bca2dbf1ed831b519092ec110f66982ca3
  SDWebImage: 098e97e6176540799c27e804c96653ee0833d13c
  SideMenu: 47dbf9e4d878062d8994aed43f6e4bf6c1fea30b

PODFILE CHECKSUM: 873b8ebf02085d5bc200a4f42dc220e7d0b09133

COCOAPODS: 1.3.1
